schema: '2.0'
stages:
  download:
    cmd: python src/download.py
    deps:
    - path: src/config.py
      hash: md5
      md5: 3d8e4b0712e87fdb3e41f96f45a15f7f
      size: 367
    - path: src/download.py
      hash: md5
      md5: fce0f177ba42187e3caa7e23d09097f0
      size: 564
    outs:
    - path: data/iris.csv
      hash: md5
      md5: 500a0acbd112b7c512929eac892f9864
      size: 4009
